
Microsoft Visual Studio Solution File, Format Version 12.00
# Visual Studio Version 16
VisualStudioVersion = 16.0.30907.101
MinimumVisualStudioVersion = 10.0.40219.1
Project("{FAE04EC0-301F-11D3-BF4B-00C04F79EFBC}") = "PosudbaKnjigaIvanMočilac20122012", "PosudbaKnjigaIvanMočilac20122012\PosudbaKnjigaIvanMočilac20122012.csproj", "{C901810E-D65C-4F02-AD5E-944DEF6B90F1}"
EndProject
Global
	GlobalSection(SolutionConfigurationPlatforms) = preSolution
		Debug|Any CPU = Debug|Any CPU
		Release|Any CPU = Release|Any CPU
	EndGlobalSection
	GlobalSection(ProjectConfigurationPlatforms) = postSolution
		{C901810E-D65C-4F02-AD5E-944DEF6B90F1}.Debug|Any CPU.ActiveCfg = Debug|Any CPU
		{C901810E-D65C-4F02-AD5E-944DEF6B90F1}.Debug|Any CPU.Build.0 = Debug|Any CPU
		{C901810E-D65C-4F02-AD5E-944DEF6B90F1}.Release|Any CPU.ActiveCfg = Release|Any CPU
		{C901810E-D65C-4F02-AD5E-944DEF6B90F1}.Release|Any CPU.Build.0 = Release|Any CPU
	EndGlobalSection
	GlobalSection(SolutionProperties) = preSolution
		HideSolutionNode = FALSE
	EndGlobalSection
	GlobalSection(ExtensibilityGlobals) = postSolution
		SolutionGuid = {9338DCE9-17F6-4012-861E-B491BBC6C2C1}
	EndGlobalSection
EndGlobal
